{
  "name": "Chat-Room",
  "lockfileVersion": 2,
  "requires": true,
  "packages": {
    "": {
      "dependencies": {
        "say": "^0.16.0",
        "translate-js": "^1.3.0"
      }
    },
    "node_modules/one-time": {
      "version": "0.0.4",
      "resolved": "https://registry.npmjs.org/one-time/-/one-time-0.0.4.tgz",
      "integrity": "sha512-qAMrwuk2xLEutlASoiPiAMW3EN3K96Ka/ilSXYr6qR1zSVXw2j7+yDSqGTC4T9apfLYxM3tLLjKvgPdAUK7kYQ=="
    },
    "node_modules/say": {
      "version": "0.16.0",
      "resolved": "https://registry.npmjs.org/say/-/say-0.16.0.tgz",
      "integrity": "sha512-yEfncNu3I6lcZ6RIrXgE9DqbrEmvV5uQQ8ReM14u/DodlvJYpveqNphO55RLMSj77b06ZKNif/FLmhzQxcuUXg==",
      "dependencies": {
        "one-time": "0.0.4"
      },
      "engines": {
        "node": ">=6.9"
      }
    },
    "node_modules/translate-js": {
      "version": "1.3.0",
      "resolved": "https://registry.npmjs.org/translate-js/-/translate-js-1.3.0.tgz",
      "integrity": "sha512-0Zk/I5R+tL7heY3MV5aw7tUqKbjCIkUWVpZMiNFttQQTsBSKjR3SMb60vNwcF1+I6pf95ibhEn003V3mZ750dQ=="
    }
  },
  "dependencies": {
    "one-time": {
      "version": "0.0.4",
      "resolved": "https://registry.npmjs.org/one-time/-/one-time-0.0.4.tgz",
      "integrity": "sha512-qAMrwuk2xLEutlASoiPiAMW3EN3K96Ka/ilSXYr6qR1zSVXw2j7+yDSqGTC4T9apfLYxM3tLLjKvgPdAUK7kYQ=="
    },
    "say": {
      "version": "0.16.0",
      "resolved": "https://registry.npmjs.org/say/-/say-0.16.0.tgz",
      "integrity": "sha512-yEfncNu3I6lcZ6RIrXgE9DqbrEmvV5uQQ8ReM14u/DodlvJYpveqNphO55RLMSj77b06ZKNif/FLmhzQxcuUXg==",
      "requires": {
        "one-time": "0.0.4"
      }
    },
    "translate-js": {
      "version": "1.3.0",
      "resolved": "https://registry.npmjs.org/translate-js/-/translate-js-1.3.0.tgz",
      "integrity": "sha512-0Zk/I5R+tL7heY3MV5aw7tUqKbjCIkUWVpZMiNFttQQTsBSKjR3SMb60vNwcF1+I6pf95ibhEn003V3mZ750dQ=="
    }
  }
}
